// !$*UTF8*$!
{
	archiveVersion = 1;
	classes = {
	};
	objectVersion = 46;
	objects = {

/* Begin PBXBuildFile section */
		ACAA5F8F17A44AF700343E4D /* UIKit.framework in Frameworks */ = {isa = PBXBuildFile; fileRef = ACAA5F8E17A44AF700343E4D /* UIKit.framework */; };
		ACAA5F9117A44AF700343E4D /* Foundation.framework in Frameworks */ = {isa = PBXBuildFile; fileRef = ACAA5F9017A44AF700343E4D /* Foundation.framework */; };
		ACAA5F9317A44AF700343E4D /* CoreGraphics.framework in Frameworks */ = {isa = PBXBuildFile; fileRef = ACAA5F9217A44AF700343E4D /* CoreGraphics.framework */; };
		ACAA5F9517A44AF700343E4D /* CoreData.framework in Frameworks */ = {isa = PBXBuildFile; fileRef = ACAA5F9417A44AF700343E4D /* CoreData.framework */; };
		ACAA5F9B17A44AF700343E4D /* InfoPlist.strings in Resources */ = {isa = PBXBuildFile; fileRef = ACAA5F9917A44AF700343E4D /* InfoPlist.strings */; };
		ACAA5F9D17A44AF700343E4D /* main.m in Sources */ = {isa = PBXBuildFile; fileRef = ACAA5F9C17A44AF700343E4D /* main.m */; };
		ACAA5FA117A44AF700343E4D /* UAAppDelegate.m in Sources */ = {isa = PBXBuildFile; fileRef = ACAA5FA017A44AF700343E4D /* UAAppDelegate.m */; };
		ACAA5FA317A44AF700343E4D /* Default.png in Resources */ = {isa = PBXBuildFile; fileRef = ACAA5FA217A44AF700343E4D /* Default.png */; };
		ACAA5FA517A44AF700343E4D /* Default@2x.png in Resources */ = {isa = PBXBuildFile; fileRef = ACAA5FA417A44AF700343E4D /* Default@2x.png */; };
		ACAA5FA717A44AF700343E4D /* Default-568h@2x.png in Resources */ = {isa = PBXBuildFile; fileRef = ACAA5FA617A44AF700343E4D /* Default-568h@2x.png */; };
		ACAA5FAA17A44AF800343E4D /* Undercity_Assassin.xcdatamodeld in Sources */ = {isa = PBXBuildFile; fileRef = ACAA5FA817A44AF800343E4D /* Undercity_Assassin.xcdatamodeld */; };
		ACAA5FC217A44CE200343E4D /* CoreLocation.framework in Frameworks */ = {isa = PBXBuildFile; fileRef = ACAA5FC117A44CE200343E4D /* CoreLocation.framework */; };
		ACAA5FC417A44D0E00343E4D /* QuartzCore.framework in Frameworks */ = {isa = PBXBuildFile; fileRef = ACAA5FC317A44D0E00343E4D /* QuartzCore.framework */; };
		ACAA5FC617A44D1900343E4D /* MapKit.framework in Frameworks */ = {isa = PBXBuildFile; fileRef = ACAA5FC517A44D1900343E4D /* MapKit.framework */; };
		ACAA5FCC17A44F1D00343E4D /* UAGameMapViewController.m in Sources */ = {isa = PBXBuildFile; fileRef = ACAA5FCA17A44F1D00343E4D /* UAGameMapViewController.m */; };
		ACAA5FCD17A44F1D00343E4D /* UAGameMapViewController.xib in Resources */ = {isa = PBXBuildFile; fileRef = ACAA5FCB17A44F1D00343E4D /* UAGameMapViewController.xib */; };
		ACAA5FD117A4532800343E4D /* icon_menu@2x.png in Resources */ = {isa = PBXBuildFile; fileRef = ACAA5FD017A4532800343E4D /* icon_menu@2x.png */; };
		ACAA5FD617A4542A00343E4D /* UAGameOptionsViewController.m in Sources */ = {isa = PBXBuildFile; fileRef = ACAA5FD417A4542A00343E4D /* UAGameOptionsViewController.m */; };
		ACAA5FD717A4542A00343E4D /* UAGameOptionsViewController.xib in Resources */ = {isa = PBXBuildFile; fileRef = ACAA5FD517A4542A00343E4D /* UAGameOptionsViewController.xib */; };
		ACAA5FE417A45D7F00343E4D /* FacebookSDK.framework in Frameworks */ = {isa = PBXBuildFile; fileRef = ACAA5FDB17A45D7F00343E4D /* FacebookSDK.framework */; };
		ACAA5FE517A45D7F00343E4D /* IISideController.m in Sources */ = {isa = PBXBuildFile; fileRef = ACAA5FDE17A45D7F00343E4D /* IISideController.m */; };
		ACAA5FE617A45D7F00343E4D /* IIViewDeckController.m in Sources */ = {isa = PBXBuildFile; fileRef = ACAA5FE017A45D7F00343E4D /* IIViewDeckController.m */; };
		ACAA5FE717A45D7F00343E4D /* IIWrapController.m in Sources */ = {isa = PBXBuildFile; fileRef = ACAA5FE217A45D7F00343E4D /* IIWrapController.m */; };
		ACAA5FE817A45D7F00343E4D /* README.md in Resources */ = {isa = PBXBuildFile; fileRef = ACAA5FE317A45D7F00343E4D /* README.md */; };
		ACAA5FEC17A45DC400343E4D /* UATarget.m in Sources */ = {isa = PBXBuildFile; fileRef = ACAA5FEB17A45DC400343E4D /* UATarget.m */; };
		ACAA5FF317A4619C00343E4D /* UAStartViewController.m in Sources */ = {isa = PBXBuildFile; fileRef = ACAA5FF117A4619C00343E4D /* UAStartViewController.m */; };
		ACAA5FF417A4619C00343E4D /* UAStartViewController.xib in Resources */ = {isa = PBXBuildFile; fileRef = ACAA5FF217A4619C00343E4D /* UAStartViewController.xib */; };
		ACAA5FF617A468F100343E4D /* image_city_skyline@2x.png in Resources */ = {isa = PBXBuildFile; fileRef = ACAA5FF517A468F100343E4D /* image_city_skyline@2x.png */; };
/* End PBXBuildFile section */

/* Begin PBXFileReference section */
		ACAA5F8B17A44AF700343E4D /* Undercity Assassin.app */ = {isa = PBXFileReference; explicitFileType = wrapper.application; includeInIndex = 0; path = "Undercity Assassin.app"; sourceTree = BUILT_PRODUCTS_DIR; };
		ACAA5F8E17A44AF700343E4D /* UIKit.framework */ = {isa = PBXFileReference; lastKnownFileType = wrapper.framework; name = UIKit.framework; path = System/Library/Frameworks/UIKit.framework; sourceTree = SDKROOT; };
		ACAA5F9017A44AF700343E4D /* Foundation.framework */ = {isa = PBXFileReference; lastKnownFileType = wrapper.framework; name = Foundation.framework; path = System/Library/Frameworks/Foundation.framework; sourceTree = SDKROOT; };
		ACAA5F9217A44AF700343E4D /* CoreGraphics.framework */ = {isa = PBXFileReference; lastKnownFileType = wrapper.framework; name = CoreGraphics.framework; path = System/Library/Frameworks/CoreGraphics.framework; sourceTree = SDKROOT; };
		ACAA5F9417A44AF700343E4D /* CoreData.framework */ = {isa = PBXFileReference; lastKnownFileType = wrapper.framework; name = CoreData.framework; path = System/Library/Frameworks/CoreData.framework; sourceTree = SDKROOT; };
		ACAA5F9817A44AF700343E4D /* Undercity Assassin-Info.plist */ = {isa = PBXFileReference; lastKnownFileType = text.plist.xml; path = "Undercity Assassin-Info.plist"; sourceTree = "<group>"; };
		ACAA5F9A17A44AF700343E4D /* en */ = {isa = PBXFileReference; lastKnownFileType = text.plist.strings; name = en; path = en.lproj/InfoPlist.strings; sourceTree = "<group>"; };
		ACAA5F9C17A44AF700343E4D /* main.m */ = {isa = PBXFileReference; lastKnownFileType = sourcecode.c.objc; path = main.m; sourceTree = "<group>"; };
		ACAA5F9E17A44AF700343E4D /* Undercity Assassin-Prefix.pch */ = {isa = PBXFileReference; lastKnownFileType = sourcecode.c.h; path = "Undercity Assassin-Prefix.pch"; sourceTree = "<group>"; };
		ACAA5F9F17A44AF700343E4D /* UAAppDelegate.h */ = {isa = PBXFileReference; lastKnownFileType = sourcecode.c.h; path = UAAppDelegate.h; sourceTree = "<group>"; };
		ACAA5FA017A44AF700343E4D /* UAAppDelegate.m */ = {isa = PBXFileReference; lastKnownFileType = sourcecode.c.objc; path = UAAppDelegate.m; sourceTree = "<group>"; };
		ACAA5FA217A44AF700343E4D /* Default.png */ = {isa = PBXFileReference; lastKnownFileType = image.png; path = Default.png; sourceTree = "<group>"; };
		ACAA5FA417A44AF700343E4D /* Default@2x.png */ = {isa = PBXFileReference; lastKnownFileType = image.png; path = "Default@2x.png"; sourceTree = "<group>"; };
		ACAA5FA617A44AF700343E4D /* Default-568h@2x.png */ = {isa = PBXFileReference; lastKnownFileType = image.png; path = "Default-568h@2x.png"; sourceTree = "<group>"; };
		ACAA5FA917A44AF800343E4D /* Undercity_Assassin.xcdatamodel */ = {isa = PBXFileReference; lastKnownFileType = wrapper.xcdatamodel; path = Undercity_Assassin.xcdatamodel; sourceTree = "<group>"; };
		ACAA5FC117A44CE200343E4D /* CoreLocation.framework */ = {isa = PBXFileReference; lastKnownFileType = wrapper.framework; name = CoreLocation.framework; path = System/Library/Frameworks/CoreLocation.framework; sourceTree = SDKROOT; };
		ACAA5FC317A44D0E00343E4D /* QuartzCore.framework */ = {isa = PBXFileReference; lastKnownFileType = wrapper.framework; name = QuartzCore.framework; path = System/Library/Frameworks/QuartzCore.framework; sourceTree = SDKROOT; };
		ACAA5FC517A44D1900343E4D /* MapKit.framework */ = {isa = PBXFileReference; lastKnownFileType = wrapper.framework; name = MapKit.framework; path = System/Library/Frameworks/MapKit.framework; sourceTree = SDKROOT; };
		ACAA5FC917A44F1D00343E4D /* UAGameMapViewController.h */ = {isa = PBXFileReference; fileEncoding = 4; lastKnownFileType = sourcecode.c.h; path = UAGameMapViewController.h; sourceTree = "<group>"; };
		ACAA5FCA17A44F1D00343E4D /* UAGameMapViewController.m */ = {isa = PBXFileReference; fileEncoding = 4; lastKnownFileType = sourcecode.c.objc; path = UAGameMapViewController.m; sourceTree = "<group>"; };
		ACAA5FCB17A44F1D00343E4D /* UAGameMapViewController.xib */ = {isa = PBXFileReference; fileEncoding = 4; lastKnownFileType = file.xib; path = UAGameMapViewController.xib; sourceTree = "<group>"; };
		ACAA5FD017A4532800343E4D /* icon_menu@2x.png */ = {isa = PBXFileReference; lastKnownFileType = image.png; path = "icon_menu@2x.png"; sourceTree = "<group>"; };
		ACAA5FD317A4542A00343E4D /* UAGameOptionsViewController.h */ = {isa = PBXFileReference; fileEncoding = 4; lastKnownFileType = sourcecode.c.h; path = UAGameOptionsViewController.h; sourceTree = "<group>"; };
		ACAA5FD417A4542A00343E4D /* UAGameOptionsViewController.m */ = {isa = PBXFileReference; fileEncoding = 4; lastKnownFileType = sourcecode.c.objc; path = UAGameOptionsViewController.m; sourceTree = "<group>"; };
		ACAA5FD517A4542A00343E4D /* UAGameOptionsViewController.xib */ = {isa = PBXFileReference; fileEncoding = 4; lastKnownFileType = file.xib; path = UAGameOptionsViewController.xib; sourceTree = "<group>"; };
		ACAA5FDB17A45D7F00343E4D /* FacebookSDK.framework */ = {isa = PBXFileReference; lastKnownFileType = wrapper.framework; path = FacebookSDK.framework; sourceTree = "<group>"; };
		ACAA5FDD17A45D7F00343E4D /* IISideController.h */ = {isa = PBXFileReference; fileEncoding = 4; lastKnownFileType = sourcecode.c.h; path = IISideController.h; sourceTree = "<group>"; };
		ACAA5FDE17A45D7F00343E4D /* IISideController.m */ = {isa = PBXFileReference; fileEncoding = 4; lastKnownFileType = sourcecode.c.objc; path = IISideController.m; sourceTree = "<group>"; };
		ACAA5FDF17A45D7F00343E4D /* IIViewDeckController.h */ = {isa = PBXFileReference; fileEncoding = 4; lastKnownFileType = sourcecode.c.h; path = IIViewDeckController.h; sourceTree = "<group>"; };
		ACAA5FE017A45D7F00343E4D /* IIViewDeckController.m */ = {isa = PBXFileReference; fileEncoding = 4; lastKnownFileType = sourcecode.c.objc; path = IIViewDeckController.m; sourceTree = "<group>"; };
		ACAA5FE117A45D7F00343E4D /* IIWrapController.h */ = {isa = PBXFileReference; fileEncoding = 4; lastKnownFileType = sourcecode.c.h; path = IIWrapController.h; sourceTree = "<group>"; };
		ACAA5FE217A45D7F00343E4D /* IIWrapController.m */ = {isa = PBXFileReference; fileEncoding = 4; lastKnownFileType = sourcecode.c.objc; path = IIWrapController.m; sourceTree = "<group>"; };
		ACAA5FE317A45D7F00343E4D /* README.md */ = {isa = PBXFileReference; fileEncoding = 4; lastKnownFileType = text; path = README.md; sourceTree = "<group>"; };
		ACAA5FEA17A45DC400343E4D /* UATarget.h */ = {isa = PBXFileReference; fileEncoding = 4; lastKnownFileType = sourcecode.c.h; path = UATarget.h; sourceTree = "<group>"; };
		ACAA5FEB17A45DC400343E4D /* UATarget.m */ = {isa = PBXFileReference; fileEncoding = 4; lastKnownFileType = sourcecode.c.objc; path = UATarget.m; sourceTree = "<group>"; };
		ACAA5FF017A4619C00343E4D /* UAStartViewController.h */ = {isa = PBXFileReference; fileEncoding = 4; lastKnownFileType = sourcecode.c.h; path = UAStartViewController.h; sourceTree = "<group>"; };
		ACAA5FF117A4619C00343E4D /* UAStartViewController.m */ = {isa = PBXFileReference; fileEncoding = 4; lastKnownFileType = sourcecode.c.objc; path = UAStartViewController.m; sourceTree = "<group>"; };
		ACAA5FF217A4619C00343E4D /* UAStartViewController.xib */ = {isa = PBXFileReference; fileEncoding = 4; lastKnownFileType = file.xib; path = UAStartViewController.xib; sourceTree = "<group>"; };
		ACAA5FF517A468F100343E4D /* image_city_skyline@2x.png */ = {isa = PBXFileReference; lastKnownFileType = image.png; path = "image_city_skyline@2x.png"; sourceTree = "<group>"; };
/* End PBXFileReference section */

/* Begin PBXFrameworksBuildPhase section */
		ACAA5F8817A44AF700343E4D /* Frameworks */ = {
			isa = PBXFrameworksBuildPhase;
			buildActionMask = 2147483647;
			files = (
				ACAA5FC617A44D1900343E4D /* MapKit.framework in Frameworks */,
				ACAA5FC417A44D0E00343E4D /* QuartzCore.framework in Frameworks */,
				ACAA5FC217A44CE200343E4D /* CoreLocation.framework in Frameworks */,
				ACAA5F8F17A44AF700343E4D /* UIKit.framework in Frameworks */,
				ACAA5F9117A44AF700343E4D /* Foundation.framework in Frameworks */,
				ACAA5F9317A44AF700343E4D /* CoreGraphics.framework in Frameworks */,
				ACAA5F9517A44AF700343E4D /* CoreData.framework in Frameworks */,
				ACAA5FE417A45D7F00343E4D /* FacebookSDK.framework in Frameworks */,
			);
			runOnlyForDeploymentPostprocessing = 0;
		};
/* End PBXFrameworksBuildPhase section */

/* Begin PBXGroup section */
		ACAA5F8217A44AF700343E4D = {
			isa = PBXGroup;
			children = (
				ACAA5F9617A44AF700343E4D /* Undercity Assassin */,
				ACAA5F8D17A44AF700343E4D /* Frameworks */,
				ACAA5F8C17A44AF700343E4D /* Products */,
			);
			sourceTree = "<group>";
		};
		ACAA5F8C17A44AF700343E4D /* Products */ = {
			isa = PBXGroup;
			children = (
				ACAA5F8B17A44AF700343E4D /* Undercity Assassin.app */,
			);
			name = Products;
			sourceTree = "<group>";
		};
		ACAA5F8D17A44AF700343E4D /* Frameworks */ = {
			isa = PBXGroup;
			children = (
				ACAA5FC517A44D1900343E4D /* MapKit.framework */,
				ACAA5FC317A44D0E00343E4D /* QuartzCore.framework */,
				ACAA5FC117A44CE200343E4D /* CoreLocation.framework */,
				ACAA5F8E17A44AF700343E4D /* UIKit.framework */,
				ACAA5F9017A44AF700343E4D /* Foundation.framework */,
				ACAA5F9217A44AF700343E4D /* CoreGraphics.framework */,
				ACAA5F9417A44AF700343E4D /* CoreData.framework */,
			);
			name = Frameworks;
			sourceTree = "<group>";
		};
		ACAA5F9617A44AF700343E4D /* Undercity Assassin */ = {
			isa = PBXGroup;
			children = (
				ACAA5F9F17A44AF700343E4D /* UAAppDelegate.h */,
				ACAA5FA017A44AF700343E4D /* UAAppDelegate.m */,
				ACAA5FA817A44AF800343E4D /* Undercity_Assassin.xcdatamodeld */,
				ACAA5FCE17A4532800343E4D /* Assets */,
				ACAA5FC717A44EFC00343E4D /* SourceCode */,
				ACAA5F9717A44AF700343E4D /* Supporting Files */,
			);
			path = "Undercity Assassin";
			sourceTree = "<group>";
		};
		ACAA5F9717A44AF700343E4D /* Supporting Files */ = {
			isa = PBXGroup;
			children = (
				ACAA5F9817A44AF700343E4D /* Undercity Assassin-Info.plist */,
				ACAA5F9917A44AF700343E4D /* InfoPlist.strings */,
				ACAA5F9C17A44AF700343E4D /* main.m */,
				ACAA5F9E17A44AF700343E4D /* Undercity Assassin-Prefix.pch */,
				ACAA5FA217A44AF700343E4D /* Default.png */,
				ACAA5FA417A44AF700343E4D /* Default@2x.png */,
				ACAA5FA617A44AF700343E4D /* Default-568h@2x.png */,
			);
			name = "Supporting Files";
			sourceTree = "<group>";
		};
		ACAA5FC717A44EFC00343E4D /* SourceCode */ = {
			isa = PBXGroup;
			children = (
				ACAA5FD817A45D7F00343E4D /* SupportingClasses */,
				ACAA5FD217A4541400343E4D /* GameOptions */,
				ACAA5FC817A44EFC00343E4D /* GameMap */,
				ACAA5FEF17A4617600343E4D /* StartScreen */,
			);
			path = SourceCode;
			sourceTree = "<group>";
		};
		ACAA5FC817A44EFC00343E4D /* GameMap */ = {
			isa = PBXGroup;
			children = (
				ACAA5FE917A45D9A00343E4D /* MapAnnotations */,
				ACAA5FC917A44F1D00343E4D /* UAGameMapViewController.h */,
				ACAA5FCA17A44F1D00343E4D /* UAGameMapViewController.m */,
				ACAA5FCB17A44F1D00343E4D /* UAGameMapViewController.xib */,
			);
			path = GameMap;
			sourceTree = "<group>";
		};
		ACAA5FCE17A4532800343E4D /* Assets */ = {
			isa = PBXGroup;
			children = (
				ACAA5FCF17A4532800343E4D /* Images */,
			);
			path = Assets;
			sourceTree = "<group>";
		};
		ACAA5FCF17A4532800343E4D /* Images */ = {
			isa = PBXGroup;
			children = (
				ACAA5FD017A4532800343E4D /* icon_menu@2x.png */,
				ACAA5FF517A468F100343E4D /* image_city_skyline@2x.png */,
			);
			path = Images;
			sourceTree = "<group>";
		};
		ACAA5FD217A4541400343E4D /* GameOptions */ = {
			isa = PBXGroup;
			children = (
				ACAA5FD317A4542A00343E4D /* UAGameOptionsViewController.h */,
				ACAA5FD417A4542A00343E4D /* UAGameOptionsViewController.m */,
				ACAA5FD517A4542A00343E4D /* UAGameOptionsViewController.xib */,
			);
			path = GameOptions;
			sourceTree = "<group>";
		};
		ACAA5FD817A45D7F00343E4D /* SupportingClasses */ = {
			isa = PBXGroup;
			children = (
				ACAA5FD917A45D7F00343E4D /* VendorClasses */,
			);
			path = SupportingClasses;
			sourceTree = "<group>";
		};
		ACAA5FD917A45D7F00343E4D /* VendorClasses */ = {
			isa = PBXGroup;
			children = (
				ACAA5FDA17A45D7F00343E4D /* FacebookSDK */,
				ACAA5FDC17A45D7F00343E4D /* IIViewDeck */,
			);
			path = VendorClasses;
			sourceTree = "<group>";
		};
		ACAA5FDA17A45D7F00343E4D /* FacebookSDK */ = {
			isa = PBXGroup;
			children = (
				ACAA5FDB17A45D7F00343E4D /* FacebookSDK.framework */,
			);
			path = FacebookSDK;
			sourceTree = "<group>";
		};
		ACAA5FDC17A45D7F00343E4D /* IIViewDeck */ = {
			isa = PBXGroup;
			children = (
				ACAA5FDD17A45D7F00343E4D /* IISideController.h */,
				ACAA5FDE17A45D7F00343E4D /* IISideController.m */,
				ACAA5FDF17A45D7F00343E4D /* IIViewDeckController.h */,
				ACAA5FE017A45D7F00343E4D /* IIViewDeckController.m */,
				ACAA5FE117A45D7F00343E4D /* IIWrapController.h */,
				ACAA5FE217A45D7F00343E4D /* IIWrapController.m */,
				ACAA5FE317A45D7F00343E4D /* README.md */,
			);
			path = IIViewDeck;
			sourceTree = "<group>";
		};
		ACAA5FE917A45D9A00343E4D /* MapAnnotations */ = {
			isa = PBXGroup;
			children = (
				ACAA5FEA17A45DC400343E4D /* UATarget.h */,
				ACAA5FEB17A45DC400343E4D /* UATarget.m */,
			);
			path = MapAnnotations;
			sourceTree = "<group>";
		};
		ACAA5FEF17A4617600343E4D /* StartScreen */ = {
			isa = PBXGroup;
			children = (
				ACAA5FF017A4619C00343E4D /* UAStartViewController.h */,
				ACAA5FF117A4619C00343E4D /* UAStartViewController.m */,
				ACAA5FF217A4619C00343E4D /* UAStartViewController.xib */,
			);
			path = StartScreen;
			sourceTree = "<group>";
		};
/* End PBXGroup section */

/* Begin PBXNativeTarget section */
		ACAA5F8A17A44AF700343E4D /* Undercity Assassin */ = {
			isa = PBXNativeTarget;
			buildConfigurationList = ACAA5FAD17A44AF800343E4D /* Build configuration list for PBXNativeTarget "Undercity Assassin" */;
			buildPhases = (
				ACAA5F8717A44AF700343E4D /* Sources */,
				ACAA5F8817A44AF700343E4D /* Frameworks */,
				ACAA5F8917A44AF700343E4D /* Resources */,
			);
			buildRules = (
			);
			dependencies = (
			);
			name = "Undercity Assassin";
			productName = "Undercity Assassin";
			productReference = ACAA5F8B17A44AF700343E4D /* Undercity Assassin.app */;
			productType = "com.apple.product-type.application";
		};
/* End PBXNativeTarget section */

/* Begin PBXProject section */
		ACAA5F8317A44AF700343E4D /* Project object */ = {
			isa = PBXProject;
			attributes = {
				CLASSPREFIX = UA;
				LastUpgradeCheck = 0460;
				ORGANIZATIONNAME = "Tim Capes";
			};
			buildConfigurationList = ACAA5F8617A44AF700343E4D /* Build configuration list for PBXProject "Undercity Assassin" */;
			compatibilityVersion = "Xcode 3.2";
			developmentRegion = English;
			hasScannedForEncodings = 0;
			knownRegions = (
				en,
			);
			mainGroup = ACAA5F8217A44AF700343E4D;
			productRefGroup = ACAA5F8C17A44AF700343E4D /* Products */;
			projectDirPath = "";
			projectRoot = "";
			targets = (
				ACAA5F8A17A44AF700343E4D /* Undercity Assassin */,
			);
		};
/* End PBXProject section */

/* Begin PBXResourcesBuildPhase section */
		ACAA5F8917A44AF700343E4D /* Resources */ = {
			isa = PBXResourcesBuildPhase;
			buildActionMask = 2147483647;
			files = (
				ACAA5F9B17A44AF700343E4D /* InfoPlist.strings in Resources */,
				ACAA5FA317A44AF700343E4D /* Default.png in Resources */,
				ACAA5FA517A44AF700343E4D /* Default@2x.png in Resources */,
				ACAA5FA717A44AF700343E4D /* Default-568h@2x.png in Resources */,
				ACAA5FCD17A44F1D00343E4D /* UAGameMapViewController.xib in Resources */,
				ACAA5FD117A4532800343E4D /* icon_menu@2x.png in Resources */,
				ACAA5FD717A4542A00343E4D /* UAGameOptionsViewController.xib in Resources */,
				ACAA5FE817A45D7F00343E4D /* README.md in Resources */,
				ACAA5FF417A4619C00343E4D /* UAStartViewController.xib in Resources */,
				ACAA5FF617A468F100343E4D /* image_city_skyline@2x.png in Resources */,
			);
			runOnlyForDeploymentPostprocessing = 0;
		};
/* End PBXResourcesBuildPhase section */

/* Begin PBXSourcesBuildPhase section */
		ACAA5F8717A44AF700343E4D /* Sources */ = {
			isa = PBXSourcesBuildPhase;
			buildActionMask = 2147483647;
			files = (
				ACAA5F9D17A44AF700343E4D /* main.m in Sources */,
				ACAA5FA117A44AF700343E4D /* UAAppDelegate.m in Sources */,
				ACAA5FAA17A44AF800343E4D /* Undercity_Assassin.xcdatamodeld in Sources */,
				ACAA5FCC17A44F1D00343E4D /* UAGameMapViewController.m in Sources */,
				ACAA5FD617A4542A00343E4D /* UAGameOptionsViewController.m in Sources */,
				ACAA5FE517A45D7F00343E4D /* IISideController.m in Sources */,
				ACAA5FE617A45D7F00343E4D /* IIViewDeckController.m in Sources */,
				ACAA5FE717A45D7F00343E4D /* IIWrapController.m in Sources */,
				ACAA5FEC17A45DC400343E4D /* UATarget.m in Sources */,
				ACAA5FF317A4619C00343E4D /* UAStartViewController.m in Sources */,
			);
			runOnlyForDeploymentPostprocessing = 0;
		};
/* End PBXSourcesBuildPhase section */

/* Begin PBXVariantGroup section */
		ACAA5F9917A44AF700343E4D /* InfoPlist.strings */ = {
			isa = PBXVariantGroup;
			children = (
				ACAA5F9A17A44AF700343E4D /* en */,
			);
			name = InfoPlist.strings;
			sourceTree = "<group>";
		};
/* End PBXVariantGroup section */

/* Begin XCBuildConfiguration section */
		ACAA5FAB17A44AF800343E4D /* Debug */ = {
			isa = XCBuildConfiguration;
			buildSettings = {
				ALWAYS_SEARCH_USER_PATHS = NO;
				CLANG_CXX_LANGUAGE_STANDARD = "gnu++0x";
				CLANG_CXX_LIBRARY = "libc++";
				CLANG_ENABLE_OBJC_ARC = YES;
				CLANG_WARN_CONSTANT_CONVERSION = YES;
				CLANG_WARN_EMPTY_BODY = YES;
				CLANG_WARN_ENUM_CONVERSION = YES;
				CLANG_WARN_INT_CONVERSION = YES;
				CLANG_WARN__DUPLICATE_METHOD_MATCH = YES;
				"CODE_SIGN_IDENTITY[sdk=iphoneos*]" = "iPhone Developer";
				COPY_PHASE_STRIP = NO;
				GCC_C_LANGUAGE_STANDARD = gnu99;
				GCC_DYNAMIC_NO_PIC = NO;
				GCC_OPTIMIZATION_LEVEL = 0;
				GCC_PREPROCESSOR_DEFINITIONS = (
					"DEBUG=1",
					"$(inherited)",
				);
				GCC_SYMBOLS_PRIVATE_EXTERN = NO;
				GCC_WARN_ABOUT_RETURN_TYPE = YES;
				GCC_WARN_UNINITIALIZED_AUTOS = YES;
				GCC_WARN_UNUSED_VARIABLE = YES;
				IPHONEOS_DEPLOYMENT_TARGET = 6.1;
				ONLY_ACTIVE_ARCH = YES;
				SDKROOT = iphoneos;
			};
			name = Debug;
		};
		ACAA5FAC17A44AF800343E4D /* Release */ = {
			isa = XCBuildConfiguration;
			buildSettings = {
				ALWAYS_SEARCH_USER_PATHS = NO;
				CLANG_CXX_LANGUAGE_STANDARD = "gnu++0x";
				CLANG_CXX_LIBRARY = "libc++";
				CLANG_ENABLE_OBJC_ARC = YES;
				CLANG_WARN_CONSTANT_CONVERSION = YES;
				CLANG_WARN_EMPTY_BODY = YES;
				CLANG_WARN_ENUM_CONVERSION = YES;
				CLANG_WARN_INT_CONVERSION = YES;
				CLANG_WARN__DUPLICATE_METHOD_MATCH = YES;
				"CODE_SIGN_IDENTITY[sdk=iphoneos*]" = "iPhone Developer";
				COPY_PHASE_STRIP = YES;
				GCC_C_LANGUAGE_STANDARD = gnu99;
				GCC_WARN_ABOUT_RETURN_TYPE = YES;
				GCC_WARN_UNINITIALIZED_AUTOS = YES;
				GCC_WARN_UNUSED_VARIABLE = YES;
				IPHONEOS_DEPLOYMENT_TARGET = 6.1;
				OTHER_CFLAGS = "-DNS_BLOCK_ASSERTIONS=1";
				SDKROOT = iphoneos;
				VALIDATE_PRODUCT = YES;
			};
			name = Release;
		};
		ACAA5FAE17A44AF800343E4D /* Debug */ = {
			isa = XCBuildConfiguration;
			buildSettings = {
				FRAMEWORK_SEARCH_PATHS = (
					"$(inherited)",
					"\"$(SRCROOT)/Undercity Assassin/SupportingClasses/VendorClasses/FacebookSDK\"",
					"\"$(SRCROOT)/Undercity Assassin/SourceCode/SupportingClasses/VendorClasses/FacebookSDK\"",
				);
				GCC_PRECOMPILE_PREFIX_HEADER = YES;
				GCC_PREFIX_HEADER = "Undercity Assassin/Undercity Assassin-Prefix.pch";
				INFOPLIST_FILE = "Undercity Assassin/Undercity Assassin-Info.plist";
				PRODUCT_NAME = "$(TARGET_NAME)";
				WRAPPER_EXTENSION = app;
			};
			name = Debug;
		};
		ACAA5FAF17A44AF800343E4D /* Release */ = {
			isa = XCBuildConfiguration;
			buildSettings = {
				FRAMEWORK_SEARCH_PATHS = (
					"$(inherited)",
					"\"$(SRCROOT)/Undercity Assassin/SupportingClasses/VendorClasses/FacebookSDK\"",
					"\"$(SRCROOT)/Undercity Assassin/SourceCode/SupportingClasses/VendorClasses/FacebookSDK\"",
				);
				GCC_PRECOMPILE_PREFIX_HEADER = YES;
				GCC_PREFIX_HEADER = "Undercity Assassin/Undercity Assassin-Prefix.pch";
				INFOPLIST_FILE = "Undercity Assassin/Undercity Assassin-Info.plist";
				PRODUCT_NAME = "$(TARGET_NAME)";
				WRAPPER_EXTENSION = app;
			};
			name = Release;
		};
/* End XCBuildConfiguration section */

/* Begin XCConfigurationList section */
		ACAA5F8617A44AF700343E4D /* Build configuration list for PBXProject "Undercity Assassin" */ = {
			isa = XCConfigurationList;
			buildConfigurations = (
				ACAA5FAB17A44AF800343E4D /* Debug */,
				ACAA5FAC17A44AF800343E4D /* Release */,
			);
			defaultConfigurationIsVisible = 0;
			defaultConfigurationName = Release;
		};
		ACAA5FAD17A44AF800343E4D /* Build configuration list for PBXNativeTarget "Undercity Assassin" */ = {
			isa = XCConfigurationList;
			buildConfigurations = (
				ACAA5FAE17A44AF800343E4D /* Debug */,
				ACAA5FAF17A44AF800343E4D /* Release */,
			);
			defaultConfigurationIsVisible = 0;
			defaultConfigurationName = Release;
		};
/* End XCConfigurationList section */

/* Begin XCVersionGroup section */
		ACAA5FA817A44AF800343E4D /* Undercity_Assassin.xcdatamodeld */ = {
			isa = XCVersionGroup;
			children = (
				ACAA5FA917A44AF800343E4D /* Undercity_Assassin.xcdatamodel */,
			);
			currentVersion = ACAA5FA917A44AF800343E4D /* Undercity_Assassin.xcdatamodel */;
			path = Undercity_Assassin.xcdatamodeld;
			sourceTree = "<group>";
			versionGroupType = wrapper.xcdatamodel;
		};
/* End XCVersionGroup section */
	};
	rootObject = ACAA5F8317A44AF700343E4D /* Project object */;
}
